
Microsoft Visual Studio Solution File, Format Version 12.00
# Visual Studio Version 17
VisualStudioVersion = 17.7.34003.232
MinimumVisualStudioVersion = 10.0.40219.1
Project("{8BC9CEB8-8B4A-11D0-8D11-00A0C91BC942}") = "Tyuiu.PryakhinaEN.Sprint0.Task2.V0", "Tyuiu.PryakhinaEN.Sprint0.Task2.V0\Tyuiu.PryakhinaEN.Sprint0.Task2.V0.vcxproj", "{6BA2821C-4441-488E-B8EB-88D551A37E50}"
EndProject
Project("{8BC9CEB8-8B4A-11D0-8D11-00A0C91BC942}") = "Tyuiu.PryakhinaEN.Sprint0.Task2.V0.Test", "Tyuiu.PryakhinaEN.Sprint0.Task2.V0.Test\Tyuiu.PryakhinaEN.Sprint0.Task2.V0.Test.vcxproj", "{37C8986A-7F2E-4CE7-AFEC-4968048B9269}"
EndProject
Project("{8BC9CEB8-8B4A-11D0-8D11-00A0C91BC942}") = "Tyuiu.PryakhinaEN.Sprint0.Task2.V0.Lib", "Tyuiu.PryakhinaEN.Sprint0.Task2.V0.Lib\Tyuiu.PryakhinaEN.Sprint0.Task2.V0.Lib.vcxproj", "{51202384-C05C-4CF8-AB54-84EF347437D0}"
EndProject
Project("{8BC9CEB8-8B4A-11D0-8D11-00A0C91BC942}") = "Tyuiu.cources.programming.cpp", "Tyuiu.cources.programming.cpp\Tyuiu.cources.programming.cpp.vcxproj", "{18B654F9-190B-49E5-8F80-52163078AF41}"
EndProject
Global
	GlobalSection(SolutionConfigurationPlatforms) = preSolution
		Debug|x64 = Debug|x64
		Debug|x86 = Debug|x86
		Release|x64 = Release|x64
		Release|x86 = Release|x86
	EndGlobalSection
	GlobalSection(ProjectConfigurationPlatforms) = postSolution
		{6BA2821C-4441-488E-B8EB-88D551A37E50}.Debug|x64.ActiveCfg = Debug|x64
		{6BA2821C-4441-488E-B8EB-88D551A37E50}.Debug|x64.Build.0 = Debug|x64
		{6BA2821C-4441-488E-B8EB-88D551A37E50}.Debug|x86.ActiveCfg = Debug|Win32
		{6BA2821C-4441-488E-B8EB-88D551A37E50}.Debug|x86.Build.0 = Debug|Win32
		{6BA2821C-4441-488E-B8EB-88D551A37E50}.Release|x64.ActiveCfg = Release|x64
		{6BA2821C-4441-488E-B8EB-88D551A37E50}.Release|x64.Build.0 = Release|x64
		{6BA2821C-4441-488E-B8EB-88D551A37E50}.Release|x86.ActiveCfg = Release|Win32
		{6BA2821C-4441-488E-B8EB-88D551A37E50}.Release|x86.Build.0 = Release|Win32
		{37C8986A-7F2E-4CE7-AFEC-4968048B9269}.Debug|x64.ActiveCfg = Debug|x64
		{37C8986A-7F2E-4CE7-AFEC-4968048B9269}.Debug|x64.Build.0 = Debug|x64
		{37C8986A-7F2E-4CE7-AFEC-4968048B9269}.Debug|x86.ActiveCfg = Debug|Win32
		{37C8986A-7F2E-4CE7-AFEC-4968048B9269}.Debug|x86.Build.0 = Debug|Win32
		{37C8986A-7F2E-4CE7-AFEC-4968048B9269}.Release|x64.ActiveCfg = Release|x64
		{37C8986A-7F2E-4CE7-AFEC-4968048B9269}.Release|x64.Build.0 = Release|x64
		{37C8986A-7F2E-4CE7-AFEC-4968048B9269}.Release|x86.ActiveCfg = Release|Win32
		{37C8986A-7F2E-4CE7-AFEC-4968048B9269}.Release|x86.Build.0 = Release|Win32
		{51202384-C05C-4CF8-AB54-84EF347437D0}.Debug|x64.ActiveCfg = Debug|x64
		{51202384-C05C-4CF8-AB54-84EF347437D0}.Debug|x64.Build.0 = Debug|x64
		{51202384-C05C-4CF8-AB54-84EF347437D0}.Debug|x86.ActiveCfg = Debug|Win32
		{51202384-C05C-4CF8-AB54-84EF347437D0}.Debug|x86.Build.0 = Debug|Win32
		{51202384-C05C-4CF8-AB54-84EF347437D0}.Release|x64.ActiveCfg = Release|x64
		{51202384-C05C-4CF8-AB54-84EF347437D0}.Release|x64.Build.0 = Release|x64
		{51202384-C05C-4CF8-AB54-84EF347437D0}.Release|x86.ActiveCfg = Release|Win32
		{51202384-C05C-4CF8-AB54-84EF347437D0}.Release|x86.Build.0 = Release|Win32
		{18B654F9-190B-49E5-8F80-52163078AF41}.Debug|x64.ActiveCfg = Debug|x64
		{18B654F9-190B-49E5-8F80-52163078AF41}.Debug|x64.Build.0 = Debug|x64
		{18B654F9-190B-49E5-8F80-52163078AF41}.Debug|x86.ActiveCfg = Debug|Win32
		{18B654F9-190B-49E5-8F80-52163078AF41}.Debug|x86.Build.0 = Debug|Win32
		{18B654F9-190B-49E5-8F80-52163078AF41}.Release|x64.ActiveCfg = Release|x64
		{18B654F9-190B-49E5-8F80-52163078AF41}.Release|x64.Build.0 = Release|x64
		{18B654F9-190B-49E5-8F80-52163078AF41}.Release|x86.ActiveCfg = Release|Win32
		{18B654F9-190B-49E5-8F80-52163078AF41}.Release|x86.Build.0 = Release|Win32
	EndGlobalSection
	GlobalSection(SolutionProperties) = preSolution
		HideSolutionNode = FALSE
	EndGlobalSection
	GlobalSection(ExtensibilityGlobals) = postSolution
		SolutionGuid = {9012EE25-BC6E-4D30-AE92-2950A6B8A2BE}
	EndGlobalSection
EndGlobal
